
Microsoft Visual Studio Solution File, Format Version 12.00
# Visual Studio Version 17
VisualStudioVersion = 17.5.33627.172
MinimumVisualStudioVersion = 10.0.40219.1
Project("{FAE04EC0-301F-11D3-BF4B-00C04F79EFBC}") = "AutomobileLibrary", "AutomobileLibrary\AutomobileLibrary.csproj", "{973D7D1C-E05C-48D6-98DD-8FED0E5FE50C}"
EndProject
Project("{FAE04EC0-301F-11D3-BF4B-00C04F79EFBC}") = "AutomobileWinApp", "AutomobileWinApp\AutomobileWinApp.csproj", "{8E914D5A-1C27-42CA-B9A2-AB8FBFD3AFB6}"
EndProject
Global
	GlobalSection(SolutionConfigurationPlatforms) = preSolution
		Debug|Any CPU = Debug|Any CPU
		Release|Any CPU = Release|Any CPU
	EndGlobalSection
	GlobalSection(ProjectConfigurationPlatforms) = postSolution
		{973D7D1C-E05C-48D6-98DD-8FED0E5FE50C}.Debug|Any CPU.ActiveCfg = Debug|Any CPU
		{973D7D1C-E05C-48D6-98DD-8FED0E5FE50C}.Debug|Any CPU.Build.0 = Debug|Any CPU
		{973D7D1C-E05C-48D6-98DD-8FED0E5FE50C}.Release|Any CPU.ActiveCfg = Release|Any CPU
		{973D7D1C-E05C-48D6-98DD-8FED0E5FE50C}.Release|Any CPU.Build.0 = Release|Any CPU
		{8E914D5A-1C27-42CA-B9A2-AB8FBFD3AFB6}.Debug|Any CPU.ActiveCfg = Debug|Any CPU
		{8E914D5A-1C27-42CA-B9A2-AB8FBFD3AFB6}.Debug|Any CPU.Build.0 = Debug|Any CPU
		{8E914D5A-1C27-42CA-B9A2-AB8FBFD3AFB6}.Release|Any CPU.ActiveCfg = Release|Any CPU
		{8E914D5A-1C27-42CA-B9A2-AB8FBFD3AFB6}.Release|Any CPU.Build.0 = Release|Any CPU
	EndGlobalSection
	GlobalSection(SolutionProperties) = preSolution
		HideSolutionNode = FALSE
	EndGlobalSection
	GlobalSection(ExtensibilityGlobals) = postSolution
		SolutionGuid = {13D3727B-3A23-4082-A2EB-B6D160EE5DD0}
	EndGlobalSection
EndGlobal
